
Microsoft Visual Studio Solution File, Format Version 12.00
# Visual Studio Version 17
VisualStudioVersion = 17.3.32611.2
MinimumVisualStudioVersion = 10.0.40219.1
Project("{FAE04EC0-301F-11D3-BF4B-00C04F79EFBC}") = "HalloEfCore", "HalloEfCore\HalloEfCore.csproj", "{F2B25911-A7A1-4208-B6BD-C6AA57910DBB}"
EndProject
Global
	GlobalSection(SolutionConfigurationPlatforms) = preSolution
		Debug|Any CPU = Debug|Any CPU
		Release|Any CPU = Release|Any CPU
	EndGlobalSection
	GlobalSection(ProjectConfigurationPlatforms) = postSolution
		{F2B25911-A7A1-4208-B6BD-C6AA57910DBB}.Debug|Any CPU.ActiveCfg = Debug|Any CPU
		{F2B25911-A7A1-4208-B6BD-C6AA57910DBB}.Debug|Any CPU.Build.0 = Debug|Any CPU
		{F2B25911-A7A1-4208-B6BD-C6AA57910DBB}.Release|Any CPU.ActiveCfg = Release|Any CPU
		{F2B25911-A7A1-4208-B6BD-C6AA57910DBB}.Release|Any CPU.Build.0 = Release|Any CPU
	EndGlobalSection
	GlobalSection(SolutionProperties) = preSolution
		HideSolutionNode = FALSE
	EndGlobalSection
	GlobalSection(ExtensibilityGlobals) = postSolution
		SolutionGuid = {029070C2-FA81-4573-AF59-1494157237D5}
	EndGlobalSection
EndGlobal
