
Microsoft Visual Studio Solution File, Format Version 12.00
# Visual Studio Version 17
VisualStudioVersion = 17.3.32611.2
MinimumVisualStudioVersion = 10.0.40219.1
Project("{FAE04EC0-301F-11D3-BF4B-00C04F79EFBC}") = "TDDBank", "TDDBank\TDDBank.csproj", "{345BB12F-7EDB-4A1F-9CFC-E0D6BD3B7252}"
EndProject
Project("{FAE04EC0-301F-11D3-BF4B-00C04F79EFBC}") = "TDDBank.Tests", "TDDBank.Tests\TDDBank.Tests.csproj", "{FDA986E8-4D46-400C-AEFA-13A4B679A388}"
EndProject
Global
	GlobalSection(SolutionConfigurationPlatforms) = preSolution
		Debug|Any CPU = Debug|Any CPU
		Release|Any CPU = Release|Any CPU
	EndGlobalSection
	GlobalSection(ProjectConfigurationPlatforms) = postSolution
		{345BB12F-7EDB-4A1F-9CFC-E0D6BD3B7252}.Debug|Any CPU.ActiveCfg = Debug|Any CPU
		{345BB12F-7EDB-4A1F-9CFC-E0D6BD3B7252}.Debug|Any CPU.Build.0 = Debug|Any CPU
		{345BB12F-7EDB-4A1F-9CFC-E0D6BD3B7252}.Release|Any CPU.ActiveCfg = Release|Any CPU
		{345BB12F-7EDB-4A1F-9CFC-E0D6BD3B7252}.Release|Any CPU.Build.0 = Release|Any CPU
		{FDA986E8-4D46-400C-AEFA-13A4B679A388}.Debug|Any CPU.ActiveCfg = Debug|Any CPU
		{FDA986E8-4D46-400C-AEFA-13A4B679A388}.Debug|Any CPU.Build.0 = Debug|Any CPU
		{FDA986E8-4D46-400C-AEFA-13A4B679A388}.Release|Any CPU.ActiveCfg = Release|Any CPU
		{FDA986E8-4D46-400C-AEFA-13A4B679A388}.Release|Any CPU.Build.0 = Release|Any CPU
	EndGlobalSection
	GlobalSection(SolutionProperties) = preSolution
		HideSolutionNode = FALSE
	EndGlobalSection
	GlobalSection(ExtensibilityGlobals) = postSolution
		SolutionGuid = {6BA4D431-2AAA-47B9-AEEA-62B3D3C96AF8}
	EndGlobalSection
EndGlobal
