
Microsoft Visual Studio Solution File, Format Version 12.00
# Visual Studio Version 17
VisualStudioVersion = 17.3.32611.2
MinimumVisualStudioVersion = 10.0.40219.1
Project("{FAE04EC0-301F-11D3-BF4B-00C04F79EFBC}") = "MoviNext.Model", "MoviNext.Model\MoviNext.Model.csproj", "{B873A211-0CAA-4DA2-B82E-52FE8F05908B}"
EndProject
Global
	GlobalSection(SolutionConfigurationPlatforms) = preSolution
		Debug|Any CPU = Debug|Any CPU
		Release|Any CPU = Release|Any CPU
	EndGlobalSection
	GlobalSection(ProjectConfigurationPlatforms) = postSolution
		{B873A211-0CAA-4DA2-B82E-52FE8F05908B}.Debug|Any CPU.ActiveCfg = Debug|Any CPU
		{B873A211-0CAA-4DA2-B82E-52FE8F05908B}.Debug|Any CPU.Build.0 = Debug|Any CPU
		{B873A211-0CAA-4DA2-B82E-52FE8F05908B}.Release|Any CPU.ActiveCfg = Release|Any CPU
		{B873A211-0CAA-4DA2-B82E-52FE8F05908B}.Release|Any CPU.Build.0 = Release|Any CPU
	EndGlobalSection
	GlobalSection(SolutionProperties) = preSolution
		HideSolutionNode = FALSE
	EndGlobalSection
	GlobalSection(ExtensibilityGlobals) = postSolution
		SolutionGuid = {25FD335C-6F22-45F0-AABE-99D21489B39E}
	EndGlobalSection
EndGlobal
